// !$*UTF8*$!
{
	archiveVersion = 1;
	classes = {
	};
	objectVersion = 46;
	objects = {

/* Begin PBXBuildFile section */
		8C43FB3D19CEAAA1005803E4 /* main.m in Sources */ = {isa = PBXBuildFile; fileRef = 8C43FB3C19CEAAA1005803E4 /* main.m */; };
		8C43FB4019CEAAA1005803E4 /* AppDelegate.m in Sources */ = {isa = PBXBuildFile; fileRef = 8C43FB3F19CEAAA1005803E4 /* AppDelegate.m */; };
		8C43FB4319CEAAA1005803E4 /* ViewController.m in Sources */ = {isa = PBXBuildFile; fileRef = 8C43FB4219CEAAA1005803E4 /* ViewController.m */; };
		8C43FB4619CEAAA1005803E4 /* Main.storyboard in Resources */ = {isa = PBXBuildFile; fileRef = 8C43FB4419CEAAA1005803E4 /* Main.storyboard */; };
		8C43FB4819CEAAA1005803E4 /* Images.xcassets in Resources */ = {isa = PBXBuildFile; fileRef = 8C43FB4719CEAAA1005803E4 /* Images.xcassets */; };
		8C43FB4B19CEAAA1005803E4 /* LaunchScreen.xib in Resources */ = {isa = PBXBuildFile; fileRef = 8C43FB4919CEAAA1005803E4 /* LaunchScreen.xib */; };
		8C43FB5719CEAAA1005803E4 /* TicTacToeTests.m in Sources */ = {isa = PBXBuildFile; fileRef = 8C43FB5619CEAAA1005803E4 /* TicTacToeTests.m */; };
/* End PBXBuildFile section */

/* Begin PBXContainerItemProxy section */
		8C43FB5119CEAAA1005803E4 /* PBXContainerItemProxy */ = {
			isa = PBXContainerItemProxy;
			containerPortal = 8C43FB2F19CEAAA1005803E4 /* Project object */;
			proxyType = 1;
			remoteGlobalIDString = 8C43FB3619CEAAA1005803E4;
			remoteInfo = TicTacToe;
		};
/* End PBXContainerItemProxy section */

/* Begin PBXFileReference section */
		8C43FB3719CEAAA1005803E4 /* TicTacToe.app */ = {isa = PBXFileReference; explicitFileType = wrapper.application; includeInIndex = 0; path = TicTacToe.app; sourceTree = BUILT_PRODUCTS_DIR; };
		8C43FB3B19CEAAA1005803E4 /* Info.plist */ = {isa = PBXFileReference; lastKnownFileType = text.plist.xml; path = Info.plist; sourceTree = "<group>"; };
		8C43FB3C19CEAAA1005803E4 /* main.m */ = {isa = PBXFileReference; lastKnownFileType = sourcecode.c.objc; path = main.m; sourceTree = "<group>"; };
		8C43FB3E19CEAAA1005803E4 /* AppDelegate.h */ = {isa = PBXFileReference; lastKnownFileType = sourcecode.c.h; path = AppDelegate.h; sourceTree = "<group>"; };
		8C43FB3F19CEAAA1005803E4 /* AppDelegate.m */ = {isa = PBXFileReference; lastKnownFileType = sourcecode.c.objc; path = AppDelegate.m; sourceTree = "<group>"; };
		8C43FB4119CEAAA1005803E4 /* ViewController.h */ = {isa = PBXFileReference; lastKnownFileType = sourcecode.c.h; path = ViewController.h; sourceTree = "<group>"; };
		8C43FB4219CEAAA1005803E4 /* ViewController.m */ = {isa = PBXFileReference; lastKnownFileType = sourcecode.c.objc; path = ViewController.m; sourceTree = "<group>"; };
		8C43FB4519CEAAA1005803E4 /* Base */ = {isa = PBXFileReference; lastKnownFileType = file.storyboard; name = Base; path = Base.lproj/Main.storyboard; sourceTree = "<group>"; };
		8C43FB4719CEAAA1005803E4 /* Images.xcassets */ = {isa = PBXFileReference; lastKnownFileType = folder.assetcatalog; path = Images.xcassets; sourceTree = "<group>"; };
		8C43FB4A19CEAAA1005803E4 /* Base */ = {isa = PBXFileReference; lastKnownFileType = file.xib; name = Base; path = Base.lproj/LaunchScreen.xib; sourceTree = "<group>"; };
		8C43FB5019CEAAA1005803E4 /* TicTacToeTests.xctest */ = {isa = PBXFileReference; explicitFileType = wrapper.cfbundle; includeInIndex = 0; path = TicTacToeTests.xctest; sourceTree = BUILT_PRODUCTS_DIR; };
		8C43FB5519CEAAA1005803E4 /* Info.plist */ = {isa = PBXFileReference; lastKnownFileType = text.plist.xml; path = Info.plist; sourceTree = "<group>"; };
		8C43FB5619CEAAA1005803E4 /* TicTacToeTests.m */ = {isa = PBXFileReference; lastKnownFileType = sourcecode.c.objc; path = TicTacToeTests.m; sourceTree = "<group>"; };
/* End PBXFileReference section */

/* Begin PBXFrameworksBuildPhase section */
		8C43FB3419CEAAA1005803E4 /* Frameworks */ = {
			isa = PBXFrameworksBuildPhase;
			buildActionMask = 2147483647;
			files = (
			);
			runOnlyForDeploymentPostprocessing = 0;
		};
		8C43FB4D19CEAAA1005803E4 /* Frameworks */ = {
			isa = PBXFrameworksBuildPhase;
			buildActionMask = 2147483647;
			files = (
			);
			runOnlyForDeploymentPostprocessing = 0;
		};
/* End PBXFrameworksBuildPhase section */

/* Begin PBXGroup section */
		8C43FB2E19CEAAA1005803E4 = {
			isa = PBXGroup;
			children = (
				8C43FB3919CEAAA1005803E4 /* TicTacToe */,
				8C43FB5319CEAAA1005803E4 /* TicTacToeTests */,
				8C43FB3819CEAAA1005803E4 /* Products */,
			);
			sourceTree = "<group>";
		};
		8C43FB3819CEAAA1005803E4 /* Products */ = {
			isa = PBXGroup;
			children = (
				8C43FB3719CEAAA1005803E4 /* TicTacToe.app */,
				8C43FB5019CEAAA1005803E4 /* TicTacToeTests.xctest */,
			);
			name = Products;
			sourceTree = "<group>";
		};
		8C43FB3919CEAAA1005803E4 /* TicTacToe */ = {
			isa = PBXGroup;
			children = (
				8C43FB3E19CEAAA1005803E4 /* AppDelegate.h */,
				8C43FB3F19CEAAA1005803E4 /* AppDelegate.m */,
				8C43FB4119CEAAA1005803E4 /* ViewController.h */,
				8C43FB4219CEAAA1005803E4 /* ViewController.m */,
				8C43FB4419CEAAA1005803E4 /* Main.storyboard */,
				8C43FB4719CEAAA1005803E4 /* Images.xcassets */,
				8C43FB4919CEAAA1005803E4 /* LaunchScreen.xib */,
				8C43FB3A19CEAAA1005803E4 /* Supporting Files */,
			);
			path = TicTacToe;
			sourceTree = "<group>";
		};
		8C43FB3A19CEAAA1005803E4 /* Supporting Files */ = {
			isa = PBXGroup;
			children = (
				8C43FB3B19CEAAA1005803E4 /* Info.plist */,
				8C43FB3C19CEAAA1005803E4 /* main.m */,
			);
			name = "Supporting Files";
			sourceTree = "<group>";
		};
		8C43FB5319CEAAA1005803E4 /* TicTacToeTests */ = {
			isa = PBXGroup;
			children = (
				8C43FB5619CEAAA1005803E4 /* TicTacToeTests.m */,
				8C43FB5419CEAAA1005803E4 /* Supporting Files */,
			);
			path = TicTacToeTests;
			sourceTree = "<group>";
		};
		8C43FB5419CEAAA1005803E4 /* Supporting Files */ = {
			isa = PBXGroup;
			children = (
				8C43FB5519CEAAA1005803E4 /* Info.plist */,
			);
			name = "Supporting Files";
			sourceTree = "<group>";
		};
/* End PBXGroup section */

/* Begin PBXNativeTarget section */
		8C43FB3619CEAAA1005803E4 /* TicTacToe */ = {
			isa = PBXNativeTarget;
			buildConfigurationList = 8C43FB5A19CEAAA1005803E4 /* Build configuration list for PBXNativeTarget "TicTacToe" */;
			buildPhases = (
				8C43FB3319CEAAA1005803E4 /* Sources */,
				8C43FB3419CEAAA1005803E4 /* Frameworks */,
				8C43FB3519CEAAA1005803E4 /* Resources */,
			);
			buildRules = (
			);
			dependencies = (
			);
			name = TicTacToe;
			productName = TicTacToe;
			productReference = 8C43FB3719CEAAA1005803E4 /* TicTacToe.app */;
			productType = "com.apple.product-type.application";
		};
		8C43FB4F19CEAAA1005803E4 /* TicTacToeTests */ = {
			isa = PBXNativeTarget;
			buildConfigurationList = 8C43FB5D19CEAAA1005803E4 /* Build configuration list for PBXNativeTarget "TicTacToeTests" */;
			buildPhases = (
				8C43FB4C19CEAAA1005803E4 /* Sources */,
				8C43FB4D19CEAAA1005803E4 /* Frameworks */,
				8C43FB4E19CEAAA1005803E4 /* Resources */,
			);
			buildRules = (
			);
			dependencies = (
				8C43FB5219CEAAA1005803E4 /* PBXTargetDependency */,
			);
			name = TicTacToeTests;
			productName = TicTacToeTests;
			productReference = 8C43FB5019CEAAA1005803E4 /* TicTacToeTests.xctest */;
			productType = "com.apple.product-type.bundle.unit-test";
		};
/* End PBXNativeTarget section */

/* Begin PBXProject section */
		8C43FB2F19CEAAA1005803E4 /* Project object */ = {
			isa = PBXProject;
			attributes = {
				LastUpgradeCheck = 0600;
				ORGANIZATIONNAME = ITB;
				TargetAttributes = {
					8C43FB3619CEAAA1005803E4 = {
						CreatedOnToolsVersion = 6.0.1;
						DevelopmentTeam = VWJRY9T89T;
					};
					8C43FB4F19CEAAA1005803E4 = {
						CreatedOnToolsVersion = 6.0.1;
						TestTargetID = 8C43FB3619CEAAA1005803E4;
					};
				};
			};
			buildConfigurationList = 8C43FB3219CEAAA1005803E4 /* Build configuration list for PBXProject "TicTacToe" */;
			compatibilityVersion = "Xcode 3.2";
			developmentRegion = English;
			hasScannedForEncodings = 0;
			knownRegions = (
				en,
				Base,
			);
			mainGroup = 8C43FB2E19CEAAA1005803E4;
			productRefGroup = 8C43FB3819CEAAA1005803E4 /* Products */;
			projectDirPath = "";
			projectRoot = "";
			targets = (
				8C43FB3619CEAAA1005803E4 /* TicTacToe */,
				8C43FB4F19CEAAA1005803E4 /* TicTacToeTests */,
			);
		};
/* End PBXProject section */

/* Begin PBXResourcesBuildPhase section */
		8C43FB3519CEAAA1005803E4 /* Resources */ = {
			isa = PBXResourcesBuildPhase;
			buildActionMask = 2147483647;
			files = (
				8C43FB4619CEAAA1005803E4 /* Main.storyboard in Resources */,
				8C43FB4B19CEAAA1005803E4 /* LaunchScreen.xib in Resources */,
				8C43FB4819CEAAA1005803E4 /* Images.xcassets in Resources */,
			);
			runOnlyForDeploymentPostprocessing = 0;
		};
		8C43FB4E19CEAAA1005803E4 /* Resources */ = {
			isa = PBXResourcesBuildPhase;
			buildActionMask = 2147483647;
			files = (
			);
			runOnlyForDeploymentPostprocessing = 0;
		};
/* End PBXResourcesBuildPhase section */

/* Begin PBXSourcesBuildPhase section */
		8C43FB3319CEAAA1005803E4 /* Sources */ = {
			isa = PBXSourcesBuildPhase;
			buildActionMask = 2147483647;
			files = (
				8C43FB4319CEAAA1005803E4 /* ViewController.m in Sources */,
				8C43FB4019CEAAA1005803E4 /* AppDelegate.m in Sources */,
				8C43FB3D19CEAAA1005803E4 /* main.m in Sources */,
			);
			runOnlyForDeploymentPostprocessing = 0;
		};
		8C43FB4C19CEAAA1005803E4 /* Sources */ = {
			isa = PBXSourcesBuildPhase;
			buildActionMask = 2147483647;
			files = (
				8C43FB5719CEAAA1005803E4 /* TicTacToeTests.m in Sources */,
			);
			runOnlyForDeploymentPostprocessing = 0;
		};
/* End PBXSourcesBuildPhase section */

/* Begin PBXTargetDependency section */
		8C43FB5219CEAAA1005803E4 /* PBXTargetDependency */ = {
			isa = PBXTargetDependency;
			target = 8C43FB3619CEAAA1005803E4 /* TicTacToe */;
			targetProxy = 8C43FB5119CEAAA1005803E4 /* PBXContainerItemProxy */;
		};
/* End PBXTargetDependency section */

/* Begin PBXVariantGroup section */
		8C43FB4419CEAAA1005803E4 /* Main.storyboard */ = {
			isa = PBXVariantGroup;
			children = (
				8C43FB4519CEAAA1005803E4 /* Base */,
			);
			name = Main.storyboard;
			sourceTree = "<group>";
		};
		8C43FB4919CEAAA1005803E4 /* LaunchScreen.xib */ = {
			isa = PBXVariantGroup;
			children = (
				8C43FB4A19CEAAA1005803E4 /* Base */,
			);
			name = LaunchScreen.xib;
			sourceTree = "<group>";
		};
/* End PBXVariantGroup section */

/* Begin XCBuildConfiguration section */
		8C43FB5819CEAAA1005803E4 /* Debug */ = {
			isa = XCBuildConfiguration;
			buildSettings = {
				ALWAYS_SEARCH_USER_PATHS = NO;
				CLANG_CXX_LANGUAGE_STANDARD = "gnu++0x";
				CLANG_CXX_LIBRARY = "libc++";
				CLANG_ENABLE_MODULES = YES;
				CLANG_ENABLE_OBJC_ARC = YES;
				CLANG_WARN_BOOL_CONVERSION = YES;
				CLANG_WARN_CONSTANT_CONVERSION = YES;
				CLANG_WARN_DIRECT_OBJC_ISA_USAGE = YES_ERROR;
				CLANG_WARN_EMPTY_BODY = YES;
				CLANG_WARN_ENUM_CONVERSION = YES;
				CLANG_WARN_INT_CONVERSION = YES;
				CLANG_WARN_OBJC_ROOT_CLASS = YES_ERROR;
				CLANG_WARN_UNREACHABLE_CODE = YES;
				CLANG_WARN__DUPLICATE_METHOD_MATCH = YES;
				"CODE_SIGN_IDENTITY[sdk=iphoneos*]" = "iPhone Developer";
				COPY_PHASE_STRIP = NO;
				ENABLE_STRICT_OBJC_MSGSEND = YES;
				GCC_C_LANGUAGE_STANDARD = gnu99;
				GCC_DYNAMIC_NO_PIC = NO;
				GCC_OPTIMIZATION_LEVEL = 0;
				GCC_PREPROCESSOR_DEFINITIONS = (
					"DEBUG=1",
					"$(inherited)",
				);
				GCC_SYMBOLS_PRIVATE_EXTERN = NO;
				GCC_WARN_64_TO_32_BIT_CONVERSION = YES;
				GCC_WARN_ABOUT_RETURN_TYPE = YES_ERROR;
				GCC_WARN_UNDECLARED_SELECTOR = YES;
				GCC_WARN_UNINITIALIZED_AUTOS = YES_AGGRESSIVE;
				GCC_WARN_UNUSED_FUNCTION = YES;
				GCC_WARN_UNUSED_VARIABLE = YES;
				IPHONEOS_DEPLOYMENT_TARGET = 8.0;
				MTL_ENABLE_DEBUG_INFO = YES;
				ONLY_ACTIVE_ARCH = YES;
				SDKROOT = iphoneos;
			};
			name = Debug;
		};
		8C43FB5919CEAAA1005803E4 /* Release */ = {
			isa = XCBuildConfiguration;
			buildSettings = {
				ALWAYS_SEARCH_USER_PATHS = NO;
				CLANG_CXX_LANGUAGE_STANDARD = "gnu++0x";
				CLANG_CXX_LIBRARY = "libc++";
				CLANG_ENABLE_MODULES = YES;
				CLANG_ENABLE_OBJC_ARC = YES;
				CLANG_WARN_BOOL_CONVERSION = YES;
				CLANG_WARN_CONSTANT_CONVERSION = YES;
				CLANG_WARN_DIRECT_OBJC_ISA_USAGE = YES_ERROR;
				CLANG_WARN_EMPTY_BODY = YES;
				CLANG_WARN_ENUM_CONVERSION = YES;
				CLANG_WARN_INT_CONVERSION = YES;
				CLANG_WARN_OBJC_ROOT_CLASS = YES_ERROR;
				CLANG_WARN_UNREACHABLE_CODE = YES;
				CLANG_WARN__DUPLICATE_METHOD_MATCH = YES;
				"CODE_SIGN_IDENTITY[sdk=iphoneos*]" = "iPhone Developer";
				COPY_PHASE_STRIP = YES;
				ENABLE_NS_ASSERTIONS = NO;
				ENABLE_STRICT_OBJC_MSGSEND = YES;
				GCC_C_LANGUAGE_STANDARD = gnu99;
				GCC_WARN_64_TO_32_BIT_CONVERSION = YES;
				GCC_WARN_ABOUT_RETURN_TYPE = YES_ERROR;
				GCC_WARN_UNDECLARED_SELECTOR = YES;
				GCC_WARN_UNINITIALIZED_AUTOS = YES_AGGRESSIVE;
				GCC_WARN_UNUSED_FUNCTION = YES;
				GCC_WARN_UNUSED_VARIABLE = YES;
				IPHONEOS_DEPLOYMENT_TARGET = 8.0;
				MTL_ENABLE_DEBUG_INFO = NO;
				SDKROOT = iphoneos;
				VALIDATE_PRODUCT = YES;
			};
			name = Release;
		};
		8C43FB5B19CEAAA1005803E4 /* Debug */ = {
			isa = XCBuildConfiguration;
			buildSettings = {
				ASSETCATALOG_COMPILER_APPICON_NAME = AppIcon;
				CODE_SIGN_IDENTITY = "iPhone Developer";
				INFOPLIST_FILE = TicTacToe/Info.plist;
				IPHONEOS_DEPLOYMENT_TARGET = 7.1;
				LD_RUNPATH_SEARCH_PATHS = "$(inherited) @executable_path/Frameworks";
				PRODUCT_NAME = "$(TARGET_NAME)";
			};
			name = Debug;
		};
		8C43FB5C19CEAAA1005803E4 /* Release */ = {
			isa = XCBuildConfiguration;
			buildSettings = {
				ASSETCATALOG_COMPILER_APPICON_NAME = AppIcon;
				CODE_SIGN_IDENTITY = "iPhone Developer";
				INFOPLIST_FILE = TicTacToe/Info.plist;
				IPHONEOS_DEPLOYMENT_TARGET = 7.1;
				LD_RUNPATH_SEARCH_PATHS = "$(inherited) @executable_path/Frameworks";
				PRODUCT_NAME = "$(TARGET_NAME)";
			};
			name = Release;
		};
		8C43FB5E19CEAAA1005803E4 /* Debug */ = {
			isa = XCBuildConfiguration;
			buildSettings = {
				BUNDLE_LOADER = "$(TEST_HOST)";
				FRAMEWORK_SEARCH_PATHS = (
					"$(SDKROOT)/Developer/Library/Frameworks",
					"$(inherited)",
				);
				GCC_PREPROCESSOR_DEFINITIONS = (
					"DEBUG=1",
					"$(inherited)",
				);
				INFOPLIST_FILE = TicTacToeTests/Info.plist;
				LD_RUNPATH_SEARCH_PATHS = "$(inherited) @executable_path/Frameworks @loader_path/Frameworks";
				PRODUCT_NAME = "$(TARGET_NAME)";
				TEST_HOST = "$(BUILT_PRODUCTS_DIR)/TicTacToe.app/TicTacToe";
			};
			name = Debug;
		};
		8C43FB5F19CEAAA1005803E4 /* Release */ = {
			isa = XCBuildConfiguration;
			buildSettings = {
				BUNDLE_LOADER = "$(TEST_HOST)";
				FRAMEWORK_SEARCH_PATHS = (
					"$(SDKROOT)/Developer/Library/Frameworks",
					"$(inherited)",
				);
				INFOPLIST_FILE = TicTacToeTests/Info.plist;
				LD_RUNPATH_SEARCH_PATHS = "$(inherited) @executable_path/Frameworks @loader_path/Frameworks";
				PRODUCT_NAME = "$(TARGET_NAME)";
				TEST_HOST = "$(BUILT_PRODUCTS_DIR)/TicTacToe.app/TicTacToe";
			};
			name = Release;
		};
/* End XCBuildConfiguration section */

/* Begin XCConfigurationList section */
		8C43FB3219CEAAA1005803E4 /* Build configuration list for PBXProject "TicTacToe" */ = {
			isa = XCConfigurationList;
			buildConfigurations = (
				8C43FB5819CEAAA1005803E4 /* Debug */,
				8C43FB5919CEAAA1005803E4 /* Release */,
			);
			defaultConfigurationIsVisible = 0;
			defaultConfigurationName = Release;
		};
		8C43FB5A19CEAAA1005803E4 /* Build configuration list for PBXNativeTarget "TicTacToe" */ = {
			isa = XCConfigurationList;
			buildConfigurations = (
				8C43FB5B19CEAAA1005803E4 /* Debug */,
				8C43FB5C19CEAAA1005803E4 /* Release */,
			);
			defaultConfigurationIsVisible = 0;
			defaultConfigurationName = Release;
		};
		8C43FB5D19CEAAA1005803E4 /* Build configuration list for PBXNativeTarget "TicTacToeTests" */ = {
			isa = XCConfigurationList;
			buildConfigurations = (
				8C43FB5E19CEAAA1005803E4 /* Debug */,
				8C43FB5F19CEAAA1005803E4 /* Release */,
			);
			defaultConfigurationIsVisible = 0;
			defaultConfigurationName = Release;
		};
/* End XCConfigurationList section */
	};
	rootObject = 8C43FB2F19CEAAA1005803E4 /* Project object */;
}
